
Microsoft Visual Studio Solution File, Format Version 12.00
# Visual Studio 15
VisualStudioVersion = 15.0.27130.2027
MinimumVisualStudioVersion = 10.0.40219.1
Project("{FAE04EC0-301F-11D3-BF4B-00C04F79EFBC}") = "ServiceHostApp", "ServiceHostApp\ServiceHostApp.csproj", "{C805FF8C-AAEF-48B1-AC62-21B0781A5F5A}"
EndProject
Project("{FAE04EC0-301F-11D3-BF4B-00C04F79EFBC}") = "WcfServiceLibrary", "..\WcfServiceLibrary\WcfServiceLibrary\WcfServiceLibrary.csproj", "{066C181F-48CC-4D9E-A506-65365CD1E572}"
EndProject
Global
	GlobalSection(SolutionConfigurationPlatforms) = preSolution
		Debug|Any CPU = Debug|Any CPU
		Release|Any CPU = Release|Any CPU
	EndGlobalSection
	GlobalSection(ProjectConfigurationPlatforms) = postSolution
		{C805FF8C-AAEF-48B1-AC62-21B0781A5F5A}.Debug|Any CPU.ActiveCfg = Debug|Any CPU
		{C805FF8C-AAEF-48B1-AC62-21B0781A5F5A}.Debug|Any CPU.Build.0 = Debug|Any CPU
		{C805FF8C-AAEF-48B1-AC62-21B0781A5F5A}.Release|Any CPU.ActiveCfg = Release|Any CPU
		{C805FF8C-AAEF-48B1-AC62-21B0781A5F5A}.Release|Any CPU.Build.0 = Release|Any CPU
		{066C181F-48CC-4D9E-A506-65365CD1E572}.Debug|Any CPU.ActiveCfg = Debug|Any CPU
		{066C181F-48CC-4D9E-A506-65365CD1E572}.Debug|Any CPU.Build.0 = Debug|Any CPU
		{066C181F-48CC-4D9E-A506-65365CD1E572}.Release|Any CPU.ActiveCfg = Release|Any CPU
		{066C181F-48CC-4D9E-A506-65365CD1E572}.Release|Any CPU.Build.0 = Release|Any CPU
	EndGlobalSection
	GlobalSection(SolutionProperties) = preSolution
		HideSolutionNode = FALSE
	EndGlobalSection
	GlobalSection(ExtensibilityGlobals) = postSolution
		SolutionGuid = {0668E616-BB6C-4B91-967C-F3D3571A7D38}
	EndGlobalSection
EndGlobal
